{
  "object": {
    "pins": [
      {
        "package": "SwiftSyntax",
        "repositoryURL": "https://github.com/apple/swift-syntax",
        "state": {
          "branch": "0.50600.0-SNAPSHOT-2022-01-24",
          "revision": "f8c9d92adebfa25dfc854ecef924f43918d1ebf8",
          "version": null
        }
      }
    ]
  },
  "version": 1
}
